
Microsoft Visual Studio Solution File, Format Version 12.00
# Visual Studio Version 16
VisualStudioVersion = 16.0.30717.126
MinimumVisualStudioVersion = 10.0.40219.1
Project("{888888A0-9F3D-457C-B088-3A5042F75D52}") = "TheBookWasBetter", "TheBookWasBetter\TheBookWasBetter.pyproj", "{B3EB8743-47F4-47A2-8E7F-B620A3D0CB12}"
EndProject
Global
	GlobalSection(SolutionConfigurationPlatforms) = preSolution
		Debug|Any CPU = Debug|Any CPU
		Release|Any CPU = Release|Any CPU
	EndGlobalSection
	GlobalSection(ProjectConfigurationPlatforms) = postSolution
		{B3EB8743-47F4-47A2-8E7F-B620A3D0CB12}.Debug|Any CPU.ActiveCfg = Debug|Any CPU
		{B3EB8743-47F4-47A2-8E7F-B620A3D0CB12}.Debug|Any CPU.Build.0 = Debug|Any CPU
		{B3EB8743-47F4-47A2-8E7F-B620A3D0CB12}.Release|Any CPU.ActiveCfg = Release|Any CPU
		{B3EB8743-47F4-47A2-8E7F-B620A3D0CB12}.Release|Any CPU.Build.0 = Release|Any CPU
	EndGlobalSection
	GlobalSection(SolutionProperties) = preSolution
		HideSolutionNode = FALSE
	EndGlobalSection
	GlobalSection(ExtensibilityGlobals) = postSolution
		SolutionGuid = {EF271E15-D329-4F33-A272-E24C4E307164}
	EndGlobalSection
EndGlobal
